{
    "name": "npmtest",
    "version": "1.0.0",
    "lockfileVersion": 3,
    "requires": true,
    "packages": {
      "": {
        "name": "npmtest",
        "version": "1.0.0",
        "license": "ISC",
        "dependencies": {
          "nanoid": "^5.0.8"
        }
      },
      "node_modules/nanoid": {
        "version": "5.0.8",
        "resolved": "https://registry.npmjs.org/nanoid/-/nanoid-5.0.8.tgz",
        "integrity": "sha512-TcJPw+9RV9dibz1hHUzlLVy8N4X9TnwirAjrU08Juo6BNKggzVfP2ZJ/3ZUSq15Xl5i85i+Z89XBO90pB2PghQ==",
        "funding": [
          {
            "type": "github",
            "url": "https://github.com/sponsors/ai"
          }
        ],
        "license": "MIT",
        "bin": {
          "nanoid": "bin/nanoid.js"
        },
        "engines": {
          "node": "^18 || >=20"
        }
      }
    }
  }
  